
Microsoft Visual Studio Solution File, Format Version 12.00
# Visual Studio 14
VisualStudioVersion = 14.0.23107.0
MinimumVisualStudioVersion = 10.0.40219.1
Project("{FAE04EC0-301F-11D3-BF4B-00C04F79EFBC}") = "PokerCore", "PokerCore\PokerCore.csproj", "{FE643E8C-09CF-465E-87C1-7D90D011ED73}"
EndProject
Project("{FAE04EC0-301F-11D3-BF4B-00C04F79EFBC}") = "PokerCoreTest", "PokerCoreTest\PokerCoreTest.csproj", "{785EB6AF-A84F-402D-9AEE-D37731E6D32F}"
EndProject
Global
	GlobalSection(SolutionConfigurationPlatforms) = preSolution
		Debug|Any CPU = Debug|Any CPU
		Release|Any CPU = Release|Any CPU
	EndGlobalSection
	GlobalSection(ProjectConfigurationPlatforms) = postSolution
		{FE643E8C-09CF-465E-87C1-7D90D011ED73}.Debug|Any CPU.ActiveCfg = Debug|Any CPU
		{FE643E8C-09CF-465E-87C1-7D90D011ED73}.Debug|Any CPU.Build.0 = Debug|Any CPU
		{FE643E8C-09CF-465E-87C1-7D90D011ED73}.Release|Any CPU.ActiveCfg = Release|Any CPU
		{FE643E8C-09CF-465E-87C1-7D90D011ED73}.Release|Any CPU.Build.0 = Release|Any CPU
		{785EB6AF-A84F-402D-9AEE-D37731E6D32F}.Debug|Any CPU.ActiveCfg = Debug|Any CPU
		{785EB6AF-A84F-402D-9AEE-D37731E6D32F}.Debug|Any CPU.Build.0 = Debug|Any CPU
		{785EB6AF-A84F-402D-9AEE-D37731E6D32F}.Release|Any CPU.ActiveCfg = Release|Any CPU
		{785EB6AF-A84F-402D-9AEE-D37731E6D32F}.Release|Any CPU.Build.0 = Release|Any CPU
	EndGlobalSection
	GlobalSection(SolutionProperties) = preSolution
		HideSolutionNode = FALSE
	EndGlobalSection
EndGlobal
